
Microsoft Visual Studio Solution File, Format Version 12.00
# Visual Studio 15
VisualStudioVersion = 15.0.28307.705
MinimumVisualStudioVersion = 10.0.40219.1
Project("{FAE04EC0-301F-11D3-BF4B-00C04F79EFBC}") = "AppXamarin.Android", "AppXamarin\AppXamarin.Android\AppXamarin.Android.csproj", "{E363330C-8F39-474D-B20A-828B1E671E45}"
EndProject
Project("{9A19103F-16F7-4668-BE54-9A1E7A4F7556}") = "AppXamarin", "AppXamarin\AppXamarin\AppXamarin.csproj", "{AF75E54C-F6A5-4933-BB22-0186ACC84258}"
EndProject
Project("{9A19103F-16F7-4668-BE54-9A1E7A4F7556}") = "AppXamarin.Models", "AppXamarin.Models\AppXamarin.Models.csproj", "{516DBB0D-E6F8-4F50-AC4E-D5DE9939086A}"
EndProject
Global
	GlobalSection(SolutionConfigurationPlatforms) = preSolution
		Debug|Any CPU = Debug|Any CPU
		Release|Any CPU = Release|Any CPU
	EndGlobalSection
	GlobalSection(ProjectConfigurationPlatforms) = postSolution
		{E363330C-8F39-474D-B20A-828B1E671E45}.Debug|Any CPU.ActiveCfg = Debug|Any CPU
		{E363330C-8F39-474D-B20A-828B1E671E45}.Debug|Any CPU.Build.0 = Debug|Any CPU
		{E363330C-8F39-474D-B20A-828B1E671E45}.Debug|Any CPU.Deploy.0 = Debug|Any CPU
		{E363330C-8F39-474D-B20A-828B1E671E45}.Release|Any CPU.ActiveCfg = Release|Any CPU
		{E363330C-8F39-474D-B20A-828B1E671E45}.Release|Any CPU.Build.0 = Release|Any CPU
		{E363330C-8F39-474D-B20A-828B1E671E45}.Release|Any CPU.Deploy.0 = Release|Any CPU
		{AF75E54C-F6A5-4933-BB22-0186ACC84258}.Debug|Any CPU.ActiveCfg = Debug|Any CPU
		{AF75E54C-F6A5-4933-BB22-0186ACC84258}.Debug|Any CPU.Build.0 = Debug|Any CPU
		{AF75E54C-F6A5-4933-BB22-0186ACC84258}.Release|Any CPU.ActiveCfg = Release|Any CPU
		{AF75E54C-F6A5-4933-BB22-0186ACC84258}.Release|Any CPU.Build.0 = Release|Any CPU
		{516DBB0D-E6F8-4F50-AC4E-D5DE9939086A}.Debug|Any CPU.ActiveCfg = Debug|Any CPU
		{516DBB0D-E6F8-4F50-AC4E-D5DE9939086A}.Debug|Any CPU.Build.0 = Debug|Any CPU
		{516DBB0D-E6F8-4F50-AC4E-D5DE9939086A}.Release|Any CPU.ActiveCfg = Release|Any CPU
		{516DBB0D-E6F8-4F50-AC4E-D5DE9939086A}.Release|Any CPU.Build.0 = Release|Any CPU
	EndGlobalSection
	GlobalSection(SolutionProperties) = preSolution
		HideSolutionNode = FALSE
	EndGlobalSection
	GlobalSection(ExtensibilityGlobals) = postSolution
		SolutionGuid = {C488647F-5BDC-429A-B150-16055D1200A9}
	EndGlobalSection
EndGlobal
